
Microsoft Visual Studio Solution File, Format Version 12.00
# Visual Studio Version 17
VisualStudioVersion = 17.8.34511.84
MinimumVisualStudioVersion = 10.0.40219.1
Project("{8BC9CEB8-8B4A-11D0-8D11-00A0C91BC942}") = "ConsoleApplication18", "ConsoleApplication18\ConsoleApplication18.vcxproj", "{82717CC9-7DD7-42B7-A80F-950D41E299E3}"
EndProject
Global
	GlobalSection(SolutionConfigurationPlatforms) = preSolution
		Debug|x64 = Debug|x64
		Debug|x86 = Debug|x86
		Release|x64 = Release|x64
		Release|x86 = Release|x86
	EndGlobalSection
	GlobalSection(ProjectConfigurationPlatforms) = postSolution
		{82717CC9-7DD7-42B7-A80F-950D41E299E3}.Debug|x64.ActiveCfg = Debug|x64
		{82717CC9-7DD7-42B7-A80F-950D41E299E3}.Debug|x64.Build.0 = Debug|x64
		{82717CC9-7DD7-42B7-A80F-950D41E299E3}.Debug|x86.ActiveCfg = Debug|Win32
		{82717CC9-7DD7-42B7-A80F-950D41E299E3}.Debug|x86.Build.0 = Debug|Win32
		{82717CC9-7DD7-42B7-A80F-950D41E299E3}.Release|x64.ActiveCfg = Release|x64
		{82717CC9-7DD7-42B7-A80F-950D41E299E3}.Release|x64.Build.0 = Release|x64
		{82717CC9-7DD7-42B7-A80F-950D41E299E3}.Release|x86.ActiveCfg = Release|Win32
		{82717CC9-7DD7-42B7-A80F-950D41E299E3}.Release|x86.Build.0 = Release|Win32
	EndGlobalSection
	GlobalSection(SolutionProperties) = preSolution
		HideSolutionNode = FALSE
	EndGlobalSection
	GlobalSection(ExtensibilityGlobals) = postSolution
		SolutionGuid = {4106D4F0-76E8-4A7C-870E-ACDC694CB6B7}
	EndGlobalSection
EndGlobal
